
Microsoft Visual Studio Solution File, Format Version 12.00
# Visual Studio Version 17
VisualStudioVersion = 17.9.34511.98
MinimumVisualStudioVersion = 10.0.40219.1
Project("{FAE04EC0-301F-11D3-BF4B-00C04F79EFBC}") = "firstproject", "firstproject\firstproject.csproj", "{44899387-AD82-454E-8C22-C94F4654F9DD}"
EndProject
Global
	GlobalSection(SolutionConfigurationPlatforms) = preSolution
		Debug|Any CPU = Debug|Any CPU
		Release|Any CPU = Release|Any CPU
	EndGlobalSection
	GlobalSection(ProjectConfigurationPlatforms) = postSolution
		{44899387-AD82-454E-8C22-C94F4654F9DD}.Debug|Any CPU.ActiveCfg = Debug|Any CPU
		{44899387-AD82-454E-8C22-C94F4654F9DD}.Debug|Any CPU.Build.0 = Debug|Any CPU
		{44899387-AD82-454E-8C22-C94F4654F9DD}.Release|Any CPU.ActiveCfg = Release|Any CPU
		{44899387-AD82-454E-8C22-C94F4654F9DD}.Release|Any CPU.Build.0 = Release|Any CPU
	EndGlobalSection
	GlobalSection(SolutionProperties) = preSolution
		HideSolutionNode = FALSE
	EndGlobalSection
	GlobalSection(ExtensibilityGlobals) = postSolution
		SolutionGuid = {BB3DC674-A487-4AE1-B269-5F1F5CF1AEEA}
	EndGlobalSection
EndGlobal
